
Microsoft Visual Studio Solution File, Format Version 12.00
# Visual Studio 15
VisualStudioVersion = 15.0.28010.2048
MinimumVisualStudioVersion = 10.0.40219.1
Project("{9A19103F-16F7-4668-BE54-9A1E7A4F7556}") = "Allergies", "Alergies\Allergies.csproj", "{359B185E-8FD7-4275-99D8-4C1B273AD565}"
EndProject
Global
	GlobalSection(SolutionConfigurationPlatforms) = preSolution
		Debug|Any CPU = Debug|Any CPU
		Release|Any CPU = Release|Any CPU
	EndGlobalSection
	GlobalSection(ProjectConfigurationPlatforms) = postSolution
		{359B185E-8FD7-4275-99D8-4C1B273AD565}.Debug|Any CPU.ActiveCfg = Debug|Any CPU
		{359B185E-8FD7-4275-99D8-4C1B273AD565}.Debug|Any CPU.Build.0 = Debug|Any CPU
		{359B185E-8FD7-4275-99D8-4C1B273AD565}.Release|Any CPU.ActiveCfg = Release|Any CPU
		{359B185E-8FD7-4275-99D8-4C1B273AD565}.Release|Any CPU.Build.0 = Release|Any CPU
	EndGlobalSection
	GlobalSection(SolutionProperties) = preSolution
		HideSolutionNode = FALSE
	EndGlobalSection
	GlobalSection(ExtensibilityGlobals) = postSolution
		SolutionGuid = {407F8AD2-B16E-4989-AA00-F56706DA02C1}
	EndGlobalSection
EndGlobal
